
Microsoft Visual Studio Solution File, Format Version 12.00
# Visual Studio Version 17
VisualStudioVersion = 17.1.32228.430
MinimumVisualStudioVersion = 10.0.40219.1
Project("{9A19103F-16F7-4668-BE54-9A1E7A4F7556}") = "ColdFormedChannelSection.App", "ColdFormedChannelSection.App\ColdFormedChannelSection.App.csproj", "{4EBA0ECB-55B2-4412-BCC5-08EF71F7513B}"
EndProject
Project("{9A19103F-16F7-4668-BE54-9A1E7A4F7556}") = "ColdFormedChannelSection.Core", "ColdFormedChannelSection.Core\ColdFormedChannelSection.Core.csproj", "{D11C4200-F7B8-48D0-93BF-8CA5D7787E2D}"
EndProject
Global
	GlobalSection(SolutionConfigurationPlatforms) = preSolution
		Debug|Any CPU = Debug|Any CPU
		Release|Any CPU = Release|Any CPU
	EndGlobalSection
	GlobalSection(ProjectConfigurationPlatforms) = postSolution
		{4EBA0ECB-55B2-4412-BCC5-08EF71F7513B}.Debug|Any CPU.ActiveCfg = Debug|Any CPU
		{4EBA0ECB-55B2-4412-BCC5-08EF71F7513B}.Debug|Any CPU.Build.0 = Debug|Any CPU
		{4EBA0ECB-55B2-4412-BCC5-08EF71F7513B}.Release|Any CPU.ActiveCfg = Release|Any CPU
		{4EBA0ECB-55B2-4412-BCC5-08EF71F7513B}.Release|Any CPU.Build.0 = Release|Any CPU
		{D11C4200-F7B8-48D0-93BF-8CA5D7787E2D}.Debug|Any CPU.ActiveCfg = Debug|Any CPU
		{D11C4200-F7B8-48D0-93BF-8CA5D7787E2D}.Debug|Any CPU.Build.0 = Debug|Any CPU
		{D11C4200-F7B8-48D0-93BF-8CA5D7787E2D}.Release|Any CPU.ActiveCfg = Release|Any CPU
		{D11C4200-F7B8-48D0-93BF-8CA5D7787E2D}.Release|Any CPU.Build.0 = Release|Any CPU
	EndGlobalSection
	GlobalSection(SolutionProperties) = preSolution
		HideSolutionNode = FALSE
	EndGlobalSection
	GlobalSection(ExtensibilityGlobals) = postSolution
		SolutionGuid = {12410774-BFF5-48A0-B6BB-70BD907CA3E6}
	EndGlobalSection
EndGlobal
